
Microsoft Visual Studio Solution File, Format Version 12.00
# Visual Studio Version 16
VisualStudioVersion = 16.0.31410.357
MinimumVisualStudioVersion = 10.0.40219.1
Project("{FAE04EC0-301F-11D3-BF4B-00C04F79EFBC}") = "JenkinsWebApp", "JenkinsWebApp.csproj", "{C3906ED4-A452-4D9C-856C-143747C0FDB2}"
EndProject
Global
	GlobalSection(SolutionConfigurationPlatforms) = preSolution
		Debug|Any CPU = Debug|Any CPU
		Release|Any CPU = Release|Any CPU
	EndGlobalSection
	GlobalSection(ProjectConfigurationPlatforms) = postSolution
		{C3906ED4-A452-4D9C-856C-143747C0FDB2}.Debug|Any CPU.ActiveCfg = Debug|Any CPU
		{C3906ED4-A452-4D9C-856C-143747C0FDB2}.Debug|Any CPU.Build.0 = Debug|Any CPU
		{C3906ED4-A452-4D9C-856C-143747C0FDB2}.Release|Any CPU.ActiveCfg = Release|Any CPU
		{C3906ED4-A452-4D9C-856C-143747C0FDB2}.Release|Any CPU.Build.0 = Release|Any CPU
	EndGlobalSection
	GlobalSection(SolutionProperties) = preSolution
		HideSolutionNode = FALSE
	EndGlobalSection
	GlobalSection(ExtensibilityGlobals) = postSolution
		SolutionGuid = {708304BF-ED02-4527-958C-B9E98DF54CEE}
	EndGlobalSection
EndGlobal
